
Microsoft Visual Studio Solution File, Format Version 12.00
# Visual Studio Version 17
VisualStudioVersion = 17.5.002.0
MinimumVisualStudioVersion = 10.0.40219.1
Project("{2150E333-8FDC-42A3-9474-1A3956D46DE8}") = "src", "src", "{3BDDB9F9-6CD4-4F7E-8396-2A8EE041DEEA}"
EndProject
Project("{9A19103F-16F7-4668-BE54-9A1E7A4F7556}") = "Podcast", "src\Podcast\Podcast.csproj", "{F2000294-30C7-4D96-B62F-181EF865AB5F}"
EndProject
Global
	GlobalSection(SolutionConfigurationPlatforms) = preSolution
		Debug|Any CPU = Debug|Any CPU
		Release|Any CPU = Release|Any CPU
	EndGlobalSection
	GlobalSection(ProjectConfigurationPlatforms) = postSolution
		{F2000294-30C7-4D96-B62F-181EF865AB5F}.Debug|Any CPU.ActiveCfg = Debug|Any CPU
		{F2000294-30C7-4D96-B62F-181EF865AB5F}.Debug|Any CPU.Build.0 = Debug|Any CPU
		{F2000294-30C7-4D96-B62F-181EF865AB5F}.Release|Any CPU.ActiveCfg = Release|Any CPU
		{F2000294-30C7-4D96-B62F-181EF865AB5F}.Release|Any CPU.Build.0 = Release|Any CPU
	EndGlobalSection
	GlobalSection(SolutionProperties) = preSolution
		HideSolutionNode = FALSE
	EndGlobalSection
	GlobalSection(NestedProjects) = preSolution
		{F2000294-30C7-4D96-B62F-181EF865AB5F} = {3BDDB9F9-6CD4-4F7E-8396-2A8EE041DEEA}
	EndGlobalSection
	GlobalSection(ExtensibilityGlobals) = postSolution
		SolutionGuid = {A6DAB325-8BC6-4F70-B314-C70D5794B5E9}
	EndGlobalSection
EndGlobal
